{
  "requires": true,
  "lockfileVersion": 1,
  "dependencies": {
    "@tonejs/midi": {
      "version": "1.2.2",
      "resolved": "https://registry.npmjs.org/@tonejs/midi/-/midi-1.2.2.tgz",
      "integrity": "sha512-XHgAqmfKBm/ykmw0mxk15/RB903wguA69ecUDSog8rZlssfay6c3mm4B0grvnQFueYJH0LpSRPOt1IutPamYAw==",
      "requires": {
        "midi-file": "^1.1.1"
      }
    },
    "midi-file": {
      "version": "1.1.1",
      "resolved": "https://registry.npmjs.org/midi-file/-/midi-file-1.1.1.tgz",
      "integrity": "sha512-HI6Y/kc9g1Af0OqMkTzI2AeGgPJMONgQcd/13gBf8C9BcUh7wa/AnXR1Fgl8SIuO7GJmFhSIACEWcwiAz2E2Pg=="
    }
  }
}
